
Microsoft Visual Studio Solution File, Format Version 12.00
# Visual Studio Version 16
VisualStudioVersion = 16.0.30717.126
MinimumVisualStudioVersion = 10.0.40219.1
Project("{FAE04EC0-301F-11D3-BF4B-00C04F79EFBC}") = "HomeworkL1.1", "HomeworkL1\HomeworkL1.1.csproj", "{A38E9AA1-7B99-4578-9323-22222C7D5572}"
EndProject
Project("{FAE04EC0-301F-11D3-BF4B-00C04F79EFBC}") = "HomeworkL1.2", "HomeworkL1.2\HomeworkL1.2.csproj", "{F9019AEE-CC41-4C0B-97B5-B2A7AFE52DDC}"
EndProject
Project("{FAE04EC0-301F-11D3-BF4B-00C04F79EFBC}") = "HomeworkL1.3a", "HomeworkL1.3\HomeworkL1.3a.csproj", "{30C0D523-9108-45E1-BFC6-ACE9035B04BF}"
EndProject
Project("{FAE04EC0-301F-11D3-BF4B-00C04F79EFBC}") = "HomeworkL1.3b", "HomeworkL1.3b\HomeworkL1.3b.csproj", "{2A034EA9-8513-4195-B0BB-B934627AF22D}"
EndProject
Project("{FAE04EC0-301F-11D3-BF4B-00C04F79EFBC}") = "HomeworkL1.4a", "HomeworkL1.4\HomeworkL1.4a.csproj", "{8988F5C7-B8DB-4AD5-8AB7-CDE275115CDA}"
EndProject
Project("{FAE04EC0-301F-11D3-BF4B-00C04F79EFBC}") = "HomeworkL1.4b", "HomeworkL1.4b\HomeworkL1.4b.csproj", "{E994B2BE-666F-4A2E-B2B2-64DF1FFA5286}"
EndProject
Project("{FAE04EC0-301F-11D3-BF4B-00C04F79EFBC}") = "HomeworkL1.5", "HomeworkL1.5\HomeworkL1.5.csproj", "{A6EA2D96-B821-4C41-8536-B87502D32CA7}"
EndProject
Project("{2150E333-8FDC-42A3-9474-1A3956D46DE8}") = "HomeworkL1", "HomeworkL1", "{24BFD1ED-0A85-404C-9B50-7823B41272A2}"
EndProject
Project("{2150E333-8FDC-42A3-9474-1A3956D46DE8}") = "HomeworkL2", "HomeworkL2", "{4B3492E3-7C40-459D-8800-D6AB4EE05275}"
EndProject
Project("{FAE04EC0-301F-11D3-BF4B-00C04F79EFBC}") = "HomeworkL2.1", "HomeworkL2.1\HomeworkL2.1.csproj", "{A3552242-43A1-4677-9472-0CEBE8E92370}"
EndProject
Project("{FAE04EC0-301F-11D3-BF4B-00C04F79EFBC}") = "HomeworkL2.2", "HomeworkL2.2\HomeworkL2.2.csproj", "{65772C75-AB4D-495F-BF68-FDAF52057CE3}"
EndProject
Project("{FAE04EC0-301F-11D3-BF4B-00C04F79EFBC}") = "HomeworkL2.3", "HomeworkL2.3\HomeworkL2.3.csproj", "{D4E4335F-B41C-490B-BF82-19C6B80D9D34}"
EndProject
Project("{FAE04EC0-301F-11D3-BF4B-00C04F79EFBC}") = "HomeworkL2.4", "HomeworkL2.4\HomeworkL2.4.csproj", "{08758809-A254-497A-A7D0-00A5D7B65AE2}"
EndProject
Project("{FAE04EC0-301F-11D3-BF4B-00C04F79EFBC}") = "HomeworkL2.5ab", "HomeworkL2.5a\HomeworkL2.5ab.csproj", "{4B126AD8-D38B-4840-9029-B262D0B0C800}"
EndProject
Project("{FAE04EC0-301F-11D3-BF4B-00C04F79EFBC}") = "HomeworkL2.6", "HomeworkL2.6\HomeworkL2.6.csproj", "{610123E5-B334-45B0-B4CF-BF8365BEC665}"
EndProject
Project("{FAE04EC0-301F-11D3-BF4B-00C04F79EFBC}") = "HomeworkL2.7", "HomeworkL2.7\HomeworkL2.7.csproj", "{C910D7C4-8171-47E4-B665-12D7834B49AE}"
EndProject
Project("{FAE04EC0-301F-11D3-BF4B-00C04F79EFBC}") = "HomeworkL3.1", "HomeworkL3.1\HomeworkL3.1.csproj", "{DF96C04E-4020-42F6-8086-01DA3F77DDAB}"
EndProject
Project("{2150E333-8FDC-42A3-9474-1A3956D46DE8}") = "HomeworkL3", "HomeworkL3", "{607F401D-4A2F-4DE8-87AF-CF32CF86445F}"
EndProject
Project("{FAE04EC0-301F-11D3-BF4B-00C04F79EFBC}") = "HomeworkL3.2", "HomeworkL3.2\HomeworkL3.2.csproj", "{F2DCFEF6-3371-4CE6-A4BD-85D3B95C652D}"
EndProject
Project("{FAE04EC0-301F-11D3-BF4B-00C04F79EFBC}") = "HomeworkL3.3", "HomeworkL3.3\HomeworkL3.3.csproj", "{22D7E503-7DCE-4155-A66D-2FFD975C2577}"
EndProject
Project("{2150E333-8FDC-42A3-9474-1A3956D46DE8}") = "HomeworkL4", "HomeworkL4", "{2C85C69E-A873-4F36-ACAA-0C7A2BF16C19}"
EndProject
Project("{FAE04EC0-301F-11D3-BF4B-00C04F79EFBC}") = "HomeworkL4.1", "HomeworkL4.1\HomeworkL4.1.csproj", "{EB01C0ED-CFED-422F-90BD-79B95EFEE209}"
EndProject
Project("{FAE04EC0-301F-11D3-BF4B-00C04F79EFBC}") = "HomeworkL4.2", "HomeworkL4.2\HomeworkL4.2.csproj", "{E52381A6-0B64-4B89-B0FA-A27BB8E41E55}"
EndProject
Project("{FAE04EC0-301F-11D3-BF4B-00C04F79EFBC}") = "HomeworkL4.3", "HomeworkL4.3\HomeworkL4.3.csproj", "{9627101D-8929-4A57-89D7-F2C0069C1D79}"
EndProject
Project("{FAE04EC0-301F-11D3-BF4B-00C04F79EFBC}") = "HomeworkL4.4", "Homework4.4\HomeworkL4.4.csproj", "{189A9710-16BE-4821-A820-71B650DDA8BE}"
EndProject
Project("{FAE04EC0-301F-11D3-BF4B-00C04F79EFBC}") = "HomeworkL4.5", "HomeworkL4.5\HomeworkL4.5.csproj", "{25AE6171-4C6C-4EB4-B684-77E1F30EB760}"
EndProject
Project("{2150E333-8FDC-42A3-9474-1A3956D46DE8}") = "HomeworkL5", "HomeworkL5", "{A0AE4396-1BD4-4773-AAC1-B3E13E61C309}"
EndProject
Project("{FAE04EC0-301F-11D3-BF4B-00C04F79EFBC}") = "HomeworkL5.1", "HomeworkL5.1\HomeworkL5.1.csproj", "{DF6A0675-58DF-45F5-8408-9BFB3962B3D7}"
EndProject
Project("{FAE04EC0-301F-11D3-BF4B-00C04F79EFBC}") = "HomeworkL5.2", "HomeworkL5.2\HomeworkL5.2.csproj", "{9E3C41FF-D397-4445-A37D-BC14AD59DA1C}"
EndProject
Project("{FAE04EC0-301F-11D3-BF4B-00C04F79EFBC}") = "HomeworlL5.3", "HomeworlL5.3\HomeworlL5.3.csproj", "{044B2252-0EA7-457A-ADD5-028CAA3DD057}"
EndProject
Project("{2150E333-8FDC-42A3-9474-1A3956D46DE8}") = "HomeworkL6", "HomeworkL6", "{70E345EC-D5E6-463C-80B3-9D7C0E34C966}"
EndProject
Project("{FAE04EC0-301F-11D3-BF4B-00C04F79EFBC}") = "HomeworkL6.1", "HomeworkL6.1\HomeworkL6.1.csproj", "{FFE22A73-85E2-44EF-B703-5BC824215C09}"
EndProject
Project("{FAE04EC0-301F-11D3-BF4B-00C04F79EFBC}") = "HomeworkL6.2", "Домашка_Урок_6 задача_ 2\HomeworkL6.2.csproj", "{54A01D8B-1117-4304-896D-50C8BB6570E8}"
EndProject
Project("{FAE04EC0-301F-11D3-BF4B-00C04F79EFBC}") = "HomeworkL6.3", "HomeworkL6.3\HomeworkL6.3.csproj", "{6D8E4DEF-4355-44D7-AD30-1EA36D078678}"
EndProject
Global
	GlobalSection(SolutionConfigurationPlatforms) = preSolution
		Debug|Any CPU = Debug|Any CPU
		Release|Any CPU = Release|Any CPU
	EndGlobalSection
	GlobalSection(ProjectConfigurationPlatforms) = postSolution
		{A38E9AA1-7B99-4578-9323-22222C7D5572}.Debug|Any CPU.ActiveCfg = Debug|Any CPU
		{A38E9AA1-7B99-4578-9323-22222C7D5572}.Debug|Any CPU.Build.0 = Debug|Any CPU
		{A38E9AA1-7B99-4578-9323-22222C7D5572}.Release|Any CPU.ActiveCfg = Release|Any CPU
		{A38E9AA1-7B99-4578-9323-22222C7D5572}.Release|Any CPU.Build.0 = Release|Any CPU
		{F9019AEE-CC41-4C0B-97B5-B2A7AFE52DDC}.Debug|Any CPU.ActiveCfg = Debug|Any CPU
		{F9019AEE-CC41-4C0B-97B5-B2A7AFE52DDC}.Debug|Any CPU.Build.0 = Debug|Any CPU
		{F9019AEE-CC41-4C0B-97B5-B2A7AFE52DDC}.Release|Any CPU.ActiveCfg = Release|Any CPU
		{F9019AEE-CC41-4C0B-97B5-B2A7AFE52DDC}.Release|Any CPU.Build.0 = Release|Any CPU
		{30C0D523-9108-45E1-BFC6-ACE9035B04BF}.Debug|Any CPU.ActiveCfg = Debug|Any CPU
		{30C0D523-9108-45E1-BFC6-ACE9035B04BF}.Debug|Any CPU.Build.0 = Debug|Any CPU
		{30C0D523-9108-45E1-BFC6-ACE9035B04BF}.Release|Any CPU.ActiveCfg = Release|Any CPU
		{30C0D523-9108-45E1-BFC6-ACE9035B04BF}.Release|Any CPU.Build.0 = Release|Any CPU
		{2A034EA9-8513-4195-B0BB-B934627AF22D}.Debug|Any CPU.ActiveCfg = Debug|Any CPU
		{2A034EA9-8513-4195-B0BB-B934627AF22D}.Debug|Any CPU.Build.0 = Debug|Any CPU
		{2A034EA9-8513-4195-B0BB-B934627AF22D}.Release|Any CPU.ActiveCfg = Release|Any CPU
		{2A034EA9-8513-4195-B0BB-B934627AF22D}.Release|Any CPU.Build.0 = Release|Any CPU
		{8988F5C7-B8DB-4AD5-8AB7-CDE275115CDA}.Debug|Any CPU.ActiveCfg = Debug|Any CPU
		{8988F5C7-B8DB-4AD5-8AB7-CDE275115CDA}.Debug|Any CPU.Build.0 = Debug|Any CPU
		{8988F5C7-B8DB-4AD5-8AB7-CDE275115CDA}.Release|Any CPU.ActiveCfg = Release|Any CPU
		{8988F5C7-B8DB-4AD5-8AB7-CDE275115CDA}.Release|Any CPU.Build.0 = Release|Any CPU
		{E994B2BE-666F-4A2E-B2B2-64DF1FFA5286}.Debug|Any CPU.ActiveCfg = Debug|Any CPU
		{E994B2BE-666F-4A2E-B2B2-64DF1FFA5286}.Debug|Any CPU.Build.0 = Debug|Any CPU
		{E994B2BE-666F-4A2E-B2B2-64DF1FFA5286}.Release|Any CPU.ActiveCfg = Release|Any CPU
		{E994B2BE-666F-4A2E-B2B2-64DF1FFA5286}.Release|Any CPU.Build.0 = Release|Any CPU
		{A6EA2D96-B821-4C41-8536-B87502D32CA7}.Debug|Any CPU.ActiveCfg = Debug|Any CPU
		{A6EA2D96-B821-4C41-8536-B87502D32CA7}.Debug|Any CPU.Build.0 = Debug|Any CPU
		{A6EA2D96-B821-4C41-8536-B87502D32CA7}.Release|Any CPU.ActiveCfg = Release|Any CPU
		{A6EA2D96-B821-4C41-8536-B87502D32CA7}.Release|Any CPU.Build.0 = Release|Any CPU
		{A3552242-43A1-4677-9472-0CEBE8E92370}.Debug|Any CPU.ActiveCfg = Debug|Any CPU
		{A3552242-43A1-4677-9472-0CEBE8E92370}.Debug|Any CPU.Build.0 = Debug|Any CPU
		{A3552242-43A1-4677-9472-0CEBE8E92370}.Release|Any CPU.ActiveCfg = Release|Any CPU
		{A3552242-43A1-4677-9472-0CEBE8E92370}.Release|Any CPU.Build.0 = Release|Any CPU
		{65772C75-AB4D-495F-BF68-FDAF52057CE3}.Debug|Any CPU.ActiveCfg = Debug|Any CPU
		{65772C75-AB4D-495F-BF68-FDAF52057CE3}.Debug|Any CPU.Build.0 = Debug|Any CPU
		{65772C75-AB4D-495F-BF68-FDAF52057CE3}.Release|Any CPU.ActiveCfg = Release|Any CPU
		{65772C75-AB4D-495F-BF68-FDAF52057CE3}.Release|Any CPU.Build.0 = Release|Any CPU
		{D4E4335F-B41C-490B-BF82-19C6B80D9D34}.Debug|Any CPU.ActiveCfg = Debug|Any CPU
		{D4E4335F-B41C-490B-BF82-19C6B80D9D34}.Debug|Any CPU.Build.0 = Debug|Any CPU
		{D4E4335F-B41C-490B-BF82-19C6B80D9D34}.Release|Any CPU.ActiveCfg = Release|Any CPU
		{D4E4335F-B41C-490B-BF82-19C6B80D9D34}.Release|Any CPU.Build.0 = Release|Any CPU
		{08758809-A254-497A-A7D0-00A5D7B65AE2}.Debug|Any CPU.ActiveCfg = Debug|Any CPU
		{08758809-A254-497A-A7D0-00A5D7B65AE2}.Debug|Any CPU.Build.0 = Debug|Any CPU
		{08758809-A254-497A-A7D0-00A5D7B65AE2}.Release|Any CPU.ActiveCfg = Release|Any CPU
		{08758809-A254-497A-A7D0-00A5D7B65AE2}.Release|Any CPU.Build.0 = Release|Any CPU
		{4B126AD8-D38B-4840-9029-B262D0B0C800}.Debug|Any CPU.ActiveCfg = Debug|Any CPU
		{4B126AD8-D38B-4840-9029-B262D0B0C800}.Debug|Any CPU.Build.0 = Debug|Any CPU
		{4B126AD8-D38B-4840-9029-B262D0B0C800}.Release|Any CPU.ActiveCfg = Release|Any CPU
		{4B126AD8-D38B-4840-9029-B262D0B0C800}.Release|Any CPU.Build.0 = Release|Any CPU
		{610123E5-B334-45B0-B4CF-BF8365BEC665}.Debug|Any CPU.ActiveCfg = Debug|Any CPU
		{610123E5-B334-45B0-B4CF-BF8365BEC665}.Debug|Any CPU.Build.0 = Debug|Any CPU
		{610123E5-B334-45B0-B4CF-BF8365BEC665}.Release|Any CPU.ActiveCfg = Release|Any CPU
		{610123E5-B334-45B0-B4CF-BF8365BEC665}.Release|Any CPU.Build.0 = Release|Any CPU
		{C910D7C4-8171-47E4-B665-12D7834B49AE}.Debug|Any CPU.ActiveCfg = Debug|Any CPU
		{C910D7C4-8171-47E4-B665-12D7834B49AE}.Debug|Any CPU.Build.0 = Debug|Any CPU
		{C910D7C4-8171-47E4-B665-12D7834B49AE}.Release|Any CPU.ActiveCfg = Release|Any CPU
		{C910D7C4-8171-47E4-B665-12D7834B49AE}.Release|Any CPU.Build.0 = Release|Any CPU
		{DF96C04E-4020-42F6-8086-01DA3F77DDAB}.Debug|Any CPU.ActiveCfg = Debug|Any CPU
		{DF96C04E-4020-42F6-8086-01DA3F77DDAB}.Debug|Any CPU.Build.0 = Debug|Any CPU
		{DF96C04E-4020-42F6-8086-01DA3F77DDAB}.Release|Any CPU.ActiveCfg = Release|Any CPU
		{DF96C04E-4020-42F6-8086-01DA3F77DDAB}.Release|Any CPU.Build.0 = Release|Any CPU
		{F2DCFEF6-3371-4CE6-A4BD-85D3B95C652D}.Debug|Any CPU.ActiveCfg = Debug|Any CPU
		{F2DCFEF6-3371-4CE6-A4BD-85D3B95C652D}.Debug|Any CPU.Build.0 = Debug|Any CPU
		{F2DCFEF6-3371-4CE6-A4BD-85D3B95C652D}.Release|Any CPU.ActiveCfg = Release|Any CPU
		{F2DCFEF6-3371-4CE6-A4BD-85D3B95C652D}.Release|Any CPU.Build.0 = Release|Any CPU
		{22D7E503-7DCE-4155-A66D-2FFD975C2577}.Debug|Any CPU.ActiveCfg = Debug|Any CPU
		{22D7E503-7DCE-4155-A66D-2FFD975C2577}.Debug|Any CPU.Build.0 = Debug|Any CPU
		{22D7E503-7DCE-4155-A66D-2FFD975C2577}.Release|Any CPU.ActiveCfg = Release|Any CPU
		{22D7E503-7DCE-4155-A66D-2FFD975C2577}.Release|Any CPU.Build.0 = Release|Any CPU
		{EB01C0ED-CFED-422F-90BD-79B95EFEE209}.Debug|Any CPU.ActiveCfg = Debug|Any CPU
		{EB01C0ED-CFED-422F-90BD-79B95EFEE209}.Debug|Any CPU.Build.0 = Debug|Any CPU
		{EB01C0ED-CFED-422F-90BD-79B95EFEE209}.Release|Any CPU.ActiveCfg = Release|Any CPU
		{EB01C0ED-CFED-422F-90BD-79B95EFEE209}.Release|Any CPU.Build.0 = Release|Any CPU
		{E52381A6-0B64-4B89-B0FA-A27BB8E41E55}.Debug|Any CPU.ActiveCfg = Debug|Any CPU
		{E52381A6-0B64-4B89-B0FA-A27BB8E41E55}.Debug|Any CPU.Build.0 = Debug|Any CPU
		{E52381A6-0B64-4B89-B0FA-A27BB8E41E55}.Release|Any CPU.ActiveCfg = Release|Any CPU
		{E52381A6-0B64-4B89-B0FA-A27BB8E41E55}.Release|Any CPU.Build.0 = Release|Any CPU
		{9627101D-8929-4A57-89D7-F2C0069C1D79}.Debug|Any CPU.ActiveCfg = Debug|Any CPU
		{9627101D-8929-4A57-89D7-F2C0069C1D79}.Debug|Any CPU.Build.0 = Debug|Any CPU
		{9627101D-8929-4A57-89D7-F2C0069C1D79}.Release|Any CPU.ActiveCfg = Release|Any CPU
		{9627101D-8929-4A57-89D7-F2C0069C1D79}.Release|Any CPU.Build.0 = Release|Any CPU
		{189A9710-16BE-4821-A820-71B650DDA8BE}.Debug|Any CPU.ActiveCfg = Debug|Any CPU
		{189A9710-16BE-4821-A820-71B650DDA8BE}.Debug|Any CPU.Build.0 = Debug|Any CPU
		{189A9710-16BE-4821-A820-71B650DDA8BE}.Release|Any CPU.ActiveCfg = Release|Any CPU
		{189A9710-16BE-4821-A820-71B650DDA8BE}.Release|Any CPU.Build.0 = Release|Any CPU
		{25AE6171-4C6C-4EB4-B684-77E1F30EB760}.Debug|Any CPU.ActiveCfg = Debug|Any CPU
		{25AE6171-4C6C-4EB4-B684-77E1F30EB760}.Debug|Any CPU.Build.0 = Debug|Any CPU
		{25AE6171-4C6C-4EB4-B684-77E1F30EB760}.Release|Any CPU.ActiveCfg = Release|Any CPU
		{25AE6171-4C6C-4EB4-B684-77E1F30EB760}.Release|Any CPU.Build.0 = Release|Any CPU
		{DF6A0675-58DF-45F5-8408-9BFB3962B3D7}.Debug|Any CPU.ActiveCfg = Debug|Any CPU
		{DF6A0675-58DF-45F5-8408-9BFB3962B3D7}.Debug|Any CPU.Build.0 = Debug|Any CPU
		{DF6A0675-58DF-45F5-8408-9BFB3962B3D7}.Release|Any CPU.ActiveCfg = Release|Any CPU
		{DF6A0675-58DF-45F5-8408-9BFB3962B3D7}.Release|Any CPU.Build.0 = Release|Any CPU
		{9E3C41FF-D397-4445-A37D-BC14AD59DA1C}.Debug|Any CPU.ActiveCfg = Debug|Any CPU
		{9E3C41FF-D397-4445-A37D-BC14AD59DA1C}.Debug|Any CPU.Build.0 = Debug|Any CPU
		{9E3C41FF-D397-4445-A37D-BC14AD59DA1C}.Release|Any CPU.ActiveCfg = Release|Any CPU
		{9E3C41FF-D397-4445-A37D-BC14AD59DA1C}.Release|Any CPU.Build.0 = Release|Any CPU
		{044B2252-0EA7-457A-ADD5-028CAA3DD057}.Debug|Any CPU.ActiveCfg = Debug|Any CPU
		{044B2252-0EA7-457A-ADD5-028CAA3DD057}.Debug|Any CPU.Build.0 = Debug|Any CPU
		{044B2252-0EA7-457A-ADD5-028CAA3DD057}.Release|Any CPU.ActiveCfg = Release|Any CPU
		{044B2252-0EA7-457A-ADD5-028CAA3DD057}.Release|Any CPU.Build.0 = Release|Any CPU
		{FFE22A73-85E2-44EF-B703-5BC824215C09}.Debug|Any CPU.ActiveCfg = Debug|Any CPU
		{FFE22A73-85E2-44EF-B703-5BC824215C09}.Debug|Any CPU.Build.0 = Debug|Any CPU
		{FFE22A73-85E2-44EF-B703-5BC824215C09}.Release|Any CPU.ActiveCfg = Release|Any CPU
		{FFE22A73-85E2-44EF-B703-5BC824215C09}.Release|Any CPU.Build.0 = Release|Any CPU
		{54A01D8B-1117-4304-896D-50C8BB6570E8}.Debug|Any CPU.ActiveCfg = Debug|Any CPU
		{54A01D8B-1117-4304-896D-50C8BB6570E8}.Debug|Any CPU.Build.0 = Debug|Any CPU
		{54A01D8B-1117-4304-896D-50C8BB6570E8}.Release|Any CPU.ActiveCfg = Release|Any CPU
		{54A01D8B-1117-4304-896D-50C8BB6570E8}.Release|Any CPU.Build.0 = Release|Any CPU
		{6D8E4DEF-4355-44D7-AD30-1EA36D078678}.Debug|Any CPU.ActiveCfg = Debug|Any CPU
		{6D8E4DEF-4355-44D7-AD30-1EA36D078678}.Debug|Any CPU.Build.0 = Debug|Any CPU
		{6D8E4DEF-4355-44D7-AD30-1EA36D078678}.Release|Any CPU.ActiveCfg = Release|Any CPU
		{6D8E4DEF-4355-44D7-AD30-1EA36D078678}.Release|Any CPU.Build.0 = Release|Any CPU
	EndGlobalSection
	GlobalSection(SolutionProperties) = preSolution
		HideSolutionNode = FALSE
	EndGlobalSection
	GlobalSection(NestedProjects) = preSolution
		{A38E9AA1-7B99-4578-9323-22222C7D5572} = {24BFD1ED-0A85-404C-9B50-7823B41272A2}
		{F9019AEE-CC41-4C0B-97B5-B2A7AFE52DDC} = {24BFD1ED-0A85-404C-9B50-7823B41272A2}
		{30C0D523-9108-45E1-BFC6-ACE9035B04BF} = {24BFD1ED-0A85-404C-9B50-7823B41272A2}
		{2A034EA9-8513-4195-B0BB-B934627AF22D} = {24BFD1ED-0A85-404C-9B50-7823B41272A2}
		{8988F5C7-B8DB-4AD5-8AB7-CDE275115CDA} = {24BFD1ED-0A85-404C-9B50-7823B41272A2}
		{E994B2BE-666F-4A2E-B2B2-64DF1FFA5286} = {24BFD1ED-0A85-404C-9B50-7823B41272A2}
		{A6EA2D96-B821-4C41-8536-B87502D32CA7} = {24BFD1ED-0A85-404C-9B50-7823B41272A2}
		{A3552242-43A1-4677-9472-0CEBE8E92370} = {4B3492E3-7C40-459D-8800-D6AB4EE05275}
		{65772C75-AB4D-495F-BF68-FDAF52057CE3} = {4B3492E3-7C40-459D-8800-D6AB4EE05275}
		{D4E4335F-B41C-490B-BF82-19C6B80D9D34} = {4B3492E3-7C40-459D-8800-D6AB4EE05275}
		{08758809-A254-497A-A7D0-00A5D7B65AE2} = {4B3492E3-7C40-459D-8800-D6AB4EE05275}
		{4B126AD8-D38B-4840-9029-B262D0B0C800} = {4B3492E3-7C40-459D-8800-D6AB4EE05275}
		{610123E5-B334-45B0-B4CF-BF8365BEC665} = {4B3492E3-7C40-459D-8800-D6AB4EE05275}
		{C910D7C4-8171-47E4-B665-12D7834B49AE} = {4B3492E3-7C40-459D-8800-D6AB4EE05275}
		{DF96C04E-4020-42F6-8086-01DA3F77DDAB} = {607F401D-4A2F-4DE8-87AF-CF32CF86445F}
		{F2DCFEF6-3371-4CE6-A4BD-85D3B95C652D} = {607F401D-4A2F-4DE8-87AF-CF32CF86445F}
		{22D7E503-7DCE-4155-A66D-2FFD975C2577} = {607F401D-4A2F-4DE8-87AF-CF32CF86445F}
		{EB01C0ED-CFED-422F-90BD-79B95EFEE209} = {2C85C69E-A873-4F36-ACAA-0C7A2BF16C19}
		{E52381A6-0B64-4B89-B0FA-A27BB8E41E55} = {2C85C69E-A873-4F36-ACAA-0C7A2BF16C19}
		{9627101D-8929-4A57-89D7-F2C0069C1D79} = {2C85C69E-A873-4F36-ACAA-0C7A2BF16C19}
		{189A9710-16BE-4821-A820-71B650DDA8BE} = {2C85C69E-A873-4F36-ACAA-0C7A2BF16C19}
		{25AE6171-4C6C-4EB4-B684-77E1F30EB760} = {2C85C69E-A873-4F36-ACAA-0C7A2BF16C19}
		{DF6A0675-58DF-45F5-8408-9BFB3962B3D7} = {A0AE4396-1BD4-4773-AAC1-B3E13E61C309}
		{9E3C41FF-D397-4445-A37D-BC14AD59DA1C} = {A0AE4396-1BD4-4773-AAC1-B3E13E61C309}
		{044B2252-0EA7-457A-ADD5-028CAA3DD057} = {A0AE4396-1BD4-4773-AAC1-B3E13E61C309}
		{FFE22A73-85E2-44EF-B703-5BC824215C09} = {70E345EC-D5E6-463C-80B3-9D7C0E34C966}
		{54A01D8B-1117-4304-896D-50C8BB6570E8} = {70E345EC-D5E6-463C-80B3-9D7C0E34C966}
		{6D8E4DEF-4355-44D7-AD30-1EA36D078678} = {70E345EC-D5E6-463C-80B3-9D7C0E34C966}
	EndGlobalSection
	GlobalSection(ExtensibilityGlobals) = postSolution
		SolutionGuid = {00BB3088-C89C-4CA9-A053-C45EAD561705}
	EndGlobalSection
EndGlobal
